
Microsoft Visual Studio Solution File, Format Version 12.00
# Visual Studio 15
VisualStudioVersion = 15.0.28307.572
MinimumVisualStudioVersion = 10.0.40219.1
Project("{FAE04EC0-301F-11D3-BF4B-00C04F79EFBC}") = "ConsoleApp10", "ConsoleApp10\ConsoleApp10.csproj", "{9A24D115-379E-45A3-8DDA-984B85BFE7DF}"
EndProject
Global
	GlobalSection(SolutionConfigurationPlatforms) = preSolution
		Debug|Any CPU = Debug|Any CPU
		Release|Any CPU = Release|Any CPU
	EndGlobalSection
	GlobalSection(ProjectConfigurationPlatforms) = postSolution
		{9A24D115-379E-45A3-8DDA-984B85BFE7DF}.Debug|Any CPU.ActiveCfg = Debug|Any CPU
		{9A24D115-379E-45A3-8DDA-984B85BFE7DF}.Debug|Any CPU.Build.0 = Debug|Any CPU
		{9A24D115-379E-45A3-8DDA-984B85BFE7DF}.Release|Any CPU.ActiveCfg = Release|Any CPU
		{9A24D115-379E-45A3-8DDA-984B85BFE7DF}.Release|Any CPU.Build.0 = Release|Any CPU
	EndGlobalSection
	GlobalSection(SolutionProperties) = preSolution
		HideSolutionNode = FALSE
	EndGlobalSection
	GlobalSection(ExtensibilityGlobals) = postSolution
		SolutionGuid = {C07C64A7-93AF-46C3-B385-62EAE6357FC6}
	EndGlobalSection
EndGlobal
